
Microsoft Visual Studio Solution File, Format Version 12.00
# Visual Studio Version 16
VisualStudioVersion = 16.0.29613.14
MinimumVisualStudioVersion = 10.0.40219.1
Project("{FAE04EC0-301F-11D3-BF4B-00C04F79EFBC}") = "Todo.Api", "Todo.Api\Todo.Api.csproj", "{8E6A6A1A-59B6-4195-AE76-B6BB4DA6BED0}"
EndProject
Global
	GlobalSection(SolutionConfigurationPlatforms) = preSolution
		Debug|Any CPU = Debug|Any CPU
		Release|Any CPU = Release|Any CPU
	EndGlobalSection
	GlobalSection(ProjectConfigurationPlatforms) = postSolution
		{8E6A6A1A-59B6-4195-AE76-B6BB4DA6BED0}.Debug|Any CPU.ActiveCfg = Debug|Any CPU
		{8E6A6A1A-59B6-4195-AE76-B6BB4DA6BED0}.Debug|Any CPU.Build.0 = Debug|Any CPU
		{8E6A6A1A-59B6-4195-AE76-B6BB4DA6BED0}.Release|Any CPU.ActiveCfg = Release|Any CPU
		{8E6A6A1A-59B6-4195-AE76-B6BB4DA6BED0}.Release|Any CPU.Build.0 = Release|Any CPU
	EndGlobalSection
	GlobalSection(SolutionProperties) = preSolution
		HideSolutionNode = FALSE
	EndGlobalSection
	GlobalSection(ExtensibilityGlobals) = postSolution
		SolutionGuid = {E8DC6AF9-4D03-425C-92CC-187B4E38580F}
	EndGlobalSection
EndGlobal
